PODS:
  - Crashlytics (3.7.1):
    - Fabric (~> 1.6.3)
  - Fabric (1.6.7)
  - MTLImage (0.1.0):
    - MTLImage/CloudKit (= 0.1.0)
    - MTLImage/Core (= 0.1.0)
    - MTLImage/CoreData (= 0.1.0)
  - MTLImage/CloudKit (0.1.0)
  - MTLImage/Core (0.1.0)
  - MTLImage/CoreData (0.1.0)

DEPENDENCIES:
  - Crashlytics
  - Fabric
  - MTLImage (from `../`)

EXTERNAL SOURCES:
  MTLImage:
    :path: "../"

SPEC CHECKSUMS:
  Crashlytics: 3cdd4c9655be68032a0cf0379e0fb5ef6af22cad
  Fabric: caf7580c725e64db144f610ac65cd60956911dc7
  MTLImage: 5626a8f8060dc3f92e2c4b422713bb93fda31ed6

PODFILE CHECKSUM: ab911b0f09cb682a2416b1f1f4045732305085f4

COCOAPODS: 1.0.1
