// !$*UTF8*$!
{
	archiveVersion = 1;
	classes = {
	};
	objectVersion = 46;
	objects = {

/* Begin PBXBuildFile section */
		4501E13C1EE7523F005CBD1C /* DepthMask.metal in Sources */ = {isa = PBXBuildFile; fileRef = 4501E13B1EE7523F005CBD1C /* DepthMask.metal */; };
		451282521CE765FB00FF7E9C /* Crop.metal in Sources */ = {isa = PBXBuildFile; fileRef = 451282511CE765FB00FF7E9C /* Crop.metal */; };
		453A609C1CF7974900A48FEE /* Smudge.metal in Sources */ = {isa = PBXBuildFile; fileRef = 453A609B1CF7974900A48FEE /* Smudge.metal */; };
		453A60A11CFB4D1500A48FEE /* Template.metal in Sources */ = {isa = PBXBuildFile; fileRef = 453A60A01CFB4D1500A48FEE /* Template.metal */; };
		453A60A31CFB4D6000A48FEE /* HSV.metal in Sources */ = {isa = PBXBuildFile; fileRef = 453A60A21CFB4D6000A48FEE /* HSV.metal */; };
		453D51B71CEBCAB4001A0C9A /* Transform.metal in Sources */ = {isa = PBXBuildFile; fileRef = 453D51B61CEBCAB4001A0C9A /* Transform.metal */; };
		453FA0011CE0F58B003F9871 /* Blend.metal in Sources */ = {isa = PBXBuildFile; fileRef = 453F9FDE1CE0F58B003F9871 /* Blend.metal */; };
		453FA0021CE0F58B003F9871 /* Brightness.metal in Sources */ = {isa = PBXBuildFile; fileRef = 453F9FDF1CE0F58B003F9871 /* Brightness.metal */; };
		453FA0031CE0F58B003F9871 /* Camera.metal in Sources */ = {isa = PBXBuildFile; fileRef = 453F9FE01CE0F58B003F9871 /* Camera.metal */; };
		453FA0041CE0F58B003F9871 /* ColorSelection.metal in Sources */ = {isa = PBXBuildFile; fileRef = 453F9FE11CE0F58B003F9871 /* ColorSelection.metal */; };
		453FA0051CE0F58B003F9871 /* Contrast.metal in Sources */ = {isa = PBXBuildFile; fileRef = 453F9FE21CE0F58B003F9871 /* Contrast.metal */; };
		453FA0061CE0F58B003F9871 /* Convolution.metal in Sources */ = {isa = PBXBuildFile; fileRef = 453F9FE31CE0F58B003F9871 /* Convolution.metal */; };
		453FA0071CE0F58B003F9871 /* CrossHatch.metal in Sources */ = {isa = PBXBuildFile; fileRef = 453F9FE41CE0F58B003F9871 /* CrossHatch.metal */; };
		453FA0081CE0F58B003F9871 /* DefaultShaders.metal in Sources */ = {isa = PBXBuildFile; fileRef = 453F9FE51CE0F58B003F9871 /* DefaultShaders.metal */; };
		453FA0091CE0F58B003F9871 /* Distortion.metal in Sources */ = {isa = PBXBuildFile; fileRef = 453F9FE61CE0F58B003F9871 /* Distortion.metal */; };
		453FA00A1CE0F58B003F9871 /* Exposure.metal in Sources */ = {isa = PBXBuildFile; fileRef = 453F9FE71CE0F58B003F9871 /* Exposure.metal */; };
		453FA00B1CE0F58B003F9871 /* GaussianBlur.metal in Sources */ = {isa = PBXBuildFile; fileRef = 453F9FE81CE0F58B003F9871 /* GaussianBlur.metal */; };
		453FA00C1CE0F58B003F9871 /* Haze.metal in Sources */ = {isa = PBXBuildFile; fileRef = 453F9FE91CE0F58B003F9871 /* Haze.metal */; };
		453FA00D1CE0F58B003F9871 /* Histogram.metal in Sources */ = {isa = PBXBuildFile; fileRef = 453F9FEA1CE0F58B003F9871 /* Histogram.metal */; };
		453FA00E1CE0F58B003F9871 /* Invert.metal in Sources */ = {isa = PBXBuildFile; fileRef = 453F9FEB1CE0F58B003F9871 /* Invert.metal */; };
		453FA00F1CE0F58B003F9871 /* Kuwahara.metal in Sources */ = {isa = PBXBuildFile; fileRef = 453F9FEC1CE0F58B003F9871 /* Kuwahara.metal */; };
		453FA0101CE0F58B003F9871 /* Levels.metal in Sources */ = {isa = PBXBuildFile; fileRef = 453F9FED1CE0F58B003F9871 /* Levels.metal */; };
		453FA0111CE0F58B003F9871 /* LineDetection.metal in Sources */ = {isa = PBXBuildFile; fileRef = 453F9FEE1CE0F58B003F9871 /* LineDetection.metal */; };
		453FA0121CE0F58B003F9871 /* LuminanceThreshold.metal in Sources */ = {isa = PBXBuildFile; fileRef = 453F9FEF1CE0F58B003F9871 /* LuminanceThreshold.metal */; };
		453FA0131CE0F58B003F9871 /* Mask.metal in Sources */ = {isa = PBXBuildFile; fileRef = 453F9FF01CE0F58B003F9871 /* Mask.metal */; };
		453FA0141CE0F58B003F9871 /* Mosaic.metal in Sources */ = {isa = PBXBuildFile; fileRef = 453F9FF11CE0F58B003F9871 /* Mosaic.metal */; };
		453FA0151CE0F58B003F9871 /* OilPaint.metal in Sources */ = {isa = PBXBuildFile; fileRef = 453F9FF21CE0F58B003F9871 /* OilPaint.metal */; };
		453FA0161CE0F58B003F9871 /* PerlinNoise.metal in Sources */ = {isa = PBXBuildFile; fileRef = 453F9FF31CE0F58B003F9871 /* PerlinNoise.metal */; };
		453FA0171CE0F58B003F9871 /* Pixellate.metal in Sources */ = {isa = PBXBuildFile; fileRef = 453F9FF41CE0F58B003F9871 /* Pixellate.metal */; };
		453FA0181CE0F58B003F9871 /* PolkaDot.metal in Sources */ = {isa = PBXBuildFile; fileRef = 453F9FF51CE0F58B003F9871 /* PolkaDot.metal */; };
		453FA0191CE0F58B003F9871 /* Saturation.metal in Sources */ = {isa = PBXBuildFile; fileRef = 453F9FF61CE0F58B003F9871 /* Saturation.metal */; };
		453FA01A1CE0F58B003F9871 /* SelectiveHSL.metal in Sources */ = {isa = PBXBuildFile; fileRef = 453F9FF71CE0F58B003F9871 /* SelectiveHSL.metal */; };
		453FA01B1CE0F58B003F9871 /* Sharpen.metal in Sources */ = {isa = PBXBuildFile; fileRef = 453F9FF81CE0F58B003F9871 /* Sharpen.metal */; };
		453FA01C1CE0F58B003F9871 /* Sketch.metal in Sources */ = {isa = PBXBuildFile; fileRef = 453F9FF91CE0F58B003F9871 /* Sketch.metal */; };
		453FA01D1CE0F58B003F9871 /* SobelEdgeDetection.metal in Sources */ = {isa = PBXBuildFile; fileRef = 453F9FFA1CE0F58B003F9871 /* SobelEdgeDetection.metal */; };
		453FA01E1CE0F58B003F9871 /* SobelEdgeDetectionThreshold.metal in Sources */ = {isa = PBXBuildFile; fileRef = 453F9FFB1CE0F58B003F9871 /* SobelEdgeDetectionThreshold.metal */; };
		453FA01F1CE0F58B003F9871 /* Toon.metal in Sources */ = {isa = PBXBuildFile; fileRef = 453F9FFC1CE0F58B003F9871 /* Toon.metal */; };
		453FA0201CE0F58B003F9871 /* Vignette.metal in Sources */ = {isa = PBXBuildFile; fileRef = 453F9FFD1CE0F58B003F9871 /* Vignette.metal */; };
		453FA0211CE0F58B003F9871 /* Water.metal in Sources */ = {isa = PBXBuildFile; fileRef = 453F9FFE1CE0F58B003F9871 /* Water.metal */; };
		453FA0231CE0F58B003F9871 /* WhiteBalance.metal in Sources */ = {isa = PBXBuildFile; fileRef = 453FA0001CE0F58B003F9871 /* WhiteBalance.metal */; };
		453FA0261CE36F2D003F9871 /* NonMaximumSuppression.metal in Sources */ = {isa = PBXBuildFile; fileRef = 453FA0251CE36F2D003F9871 /* NonMaximumSuppression.metal */; };
		453FA02C1CE37683003F9871 /* HarrisCornerDetection.metal in Sources */ = {isa = PBXBuildFile; fileRef = 453FA02B1CE37683003F9871 /* HarrisCornerDetection.metal */; };
		4544E8181CD278D0009115B7 /* MessageUI.framework in Frameworks */ = {isa = PBXBuildFile; fileRef = 4544E8171CD278D0009115B7 /* MessageUI.framework */; };
		4544EEBB1D83360D0028EE53 /* Voronoi.metal in Sources */ = {isa = PBXBuildFile; fileRef = 4544EEBA1D83360D0028EE53 /* Voronoi.metal */; };
		4545D6401CD312570067A498 /* Retro in Resources */ = {isa = PBXBuildFile; fileRef = 4545D63F1CD312570067A498 /* Retro */; };
		4546570B1CB9BB98001E421A /* FilterGroupViewController.swift in Sources */ = {isa = PBXBuildFile; fileRef = 4546570A1CB9BB98001E421A /* FilterGroupViewController.swift */; };
		4546570D1CB9BE98001E421A /* AddFilterViewController.swift in Sources */ = {isa = PBXBuildFile; fileRef = 4546570C1CB9BE98001E421A /* AddFilterViewController.swift */; };
		454657121CBA85B7001E421A /* Montserrat-Bold.ttf in Resources */ = {isa = PBXBuildFile; fileRef = 454657101CBA85B7001E421A /* Montserrat-Bold.ttf */; };
		454657131CBA85B7001E421A /* Montserrat-Regular.ttf in Resources */ = {isa = PBXBuildFile; fileRef = 454657111CBA85B7001E421A /* Montserrat-Regular.ttf */; };
		454CEDB11CB09FB800D67A9E /* FiltersViewController.swift in Sources */ = {isa = PBXBuildFile; fileRef = 454CEDB01CB09FB800D67A9E /* FiltersViewController.swift */; };
		454CEDC21CB1470600D67A9E /* InfoViewController.swift in Sources */ = {isa = PBXBuildFile; fileRef = 454CEDC11CB1470600D67A9E /* InfoViewController.swift */; };
		454CEDC41CB1496500D67A9E /* MetadataFormatter.swift in Sources */ = {isa = PBXBuildFile; fileRef = 454CEDC31CB1496500D67A9E /* MetadataFormatter.swift */; };
		4556FC861D6F4B95005C1D14 /* TestViewController.swift in Sources */ = {isa = PBXBuildFile; fileRef = 4556FC851D6F4B95005C1D14 /* TestViewController.swift */; };
		455AE1F01CFB643A007702BA /* Hue.metal in Sources */ = {isa = PBXBuildFile; fileRef = 455AE1EF1CFB643A007702BA /* Hue.metal */; };
		455AE3611CFBE8D5007702BA /* HighlightShadow.metal in Sources */ = {isa = PBXBuildFile; fileRef = 455AE3601CFBE8D5007702BA /* HighlightShadow.metal */; };
		456DB2021D79B976002DF330 /* ToggleCell.swift in Sources */ = {isa = PBXBuildFile; fileRef = 456DB2011D79B976002DF330 /* ToggleCell.swift */; };
		457551351D01BCAC0096D842 /* CloudKit.framework in Frameworks */ = {isa = PBXBuildFile; fileRef = 457551341D01BCAC0096D842 /* CloudKit.framework */; };
		45764E3B1CE3906100315DA7 /* WeakPixelInclusion.metal in Sources */ = {isa = PBXBuildFile; fileRef = 45764E3A1CE3906100315DA7 /* WeakPixelInclusion.metal */; };
		45764E3F1CE3936C00315DA7 /* XYDerivative.metal in Sources */ = {isa = PBXBuildFile; fileRef = 45764E3E1CE3936C00315DA7 /* XYDerivative.metal */; };
		457A87981CECB6E500188C52 /* Scatter.metal in Sources */ = {isa = PBXBuildFile; fileRef = 457A87971CECB6E400188C52 /* Scatter.metal */; };
		457FA3D31D789DCC008C6C35 /* LensFlare.metal in Sources */ = {isa = PBXBuildFile; fileRef = 457FA3D21D789DCC008C6C35 /* LensFlare.metal */; };
		458EDE051CFDC71F009BA88E /* ToneCurve.metal in Sources */ = {isa = PBXBuildFile; fileRef = 458EDE041CFDC71F009BA88E /* ToneCurve.metal */; };
		45A616811CBFD9BA00C000C7 /* PickerCell.swift in Sources */ = {isa = PBXBuildFile; fileRef = 45A616801CBFD9BA00C000C7 /* PickerCell.swift */; };
		45CDCB321EEB30CD00E8A590 /* DepthBlend.metal in Sources */ = {isa = PBXBuildFile; fileRef = 45CDCB311EEB30CD00E8A590 /* DepthBlend.metal */; };
		45EB4FC41CADF4C00018936C /* MainViewController.swift in Sources */ = {isa = PBXBuildFile; fileRef = 45EB4FC31CADF4C00018936C /* MainViewController.swift */; };
		45EB4FC81CADF75F0018936C /* Metal.framework in Frameworks */ = {isa = PBXBuildFile; fileRef = 45BE9F871C9226010014593F /* Metal.framework */; };
		45EB4FCA1CADF7640018936C /* MTLImage.framework in Frameworks */ = {isa = PBXBuildFile; fileRef = 45EB4FC91CADF7640018936C /* MTLImage.framework */; };
		45EB4FCC1CADF76C0018936C /* MetalKit.framework in Frameworks */ = {isa = PBXBuildFile; fileRef = 45EB4FCB1CADF76C0018936C /* MetalKit.framework */; };
		45EB4FCF1CADF8CD0018936C /* SettingsViewController.swift in Sources */ = {isa = PBXBuildFile; fileRef = 45EB4FCE1CADF8CD0018936C /* SettingsViewController.swift */; };
		45EB4FD11CADFAAE0018936C /* SettingsCell.swift in Sources */ = {isa = PBXBuildFile; fileRef = 45EB4FD01CADFAAE0018936C /* SettingsCell.swift */; };
		45F34AED1D16CDF800BE7D0C /* UnsharpMask.metal in Sources */ = {isa = PBXBuildFile; fileRef = 45F34AEC1D16CDF800BE7D0C /* UnsharpMask.metal */; };
		583CB0F33361D03DAB4EED53 /* Pods_MTLImage_Example.framework in Frameworks */ = {isa = PBXBuildFile; fileRef = BAEECF5F2ACEF5C666ED1CD9 /* Pods_MTLImage_Example.framework */; };
		607FACD61AFB9204008FA782 /* AppDelegate.swift in Sources */ = {isa = PBXBuildFile; fileRef = 607FACD51AFB9204008FA782 /* AppDelegate.swift */; };
		607FACDB1AFB9204008FA782 /* Main.storyboard in Resources */ = {isa = PBXBuildFile; fileRef = 607FACD91AFB9204008FA782 /* Main.storyboard */; };
		607FACDD1AFB9204008FA782 /* Images.xcassets in Resources */ = {isa = PBXBuildFile; fileRef = 607FACDC1AFB9204008FA782 /* Images.xcassets */; };
		607FACE01AFB9204008FA782 /* LaunchScreen.xib in Resources */ = {isa = PBXBuildFile; fileRef = 607FACDE1AFB9204008FA782 /* LaunchScreen.xib */; };
		607FACEC1AFB9204008FA782 /* Tests.swift in Sources */ = {isa = PBXBuildFile; fileRef = 607FACEB1AFB9204008FA782 /* Tests.swift */; };
		CC7B0C4D729E39FDBF22A0D9 /* Pods_MTLImage_Tests.framework in Frameworks */ = {isa = PBXBuildFile; fileRef = CDED0AC23F7C99E698A39CC3 /* Pods_MTLImage_Tests.framework */; };
		E0A0E3B91EEF2C9E003295AD /* Resize.metal in Sources */ = {isa = PBXBuildFile; fileRef = E0A0E3B81EEF2C9E003295AD /* Resize.metal */; };
		E0A65B941EF2E3F30098D1BF /* RollingAverage.metal in Sources */ = {isa = PBXBuildFile; fileRef = E0A65B931EF2E3F30098D1BF /* RollingAverage.metal */; };
		E0B130811EE9AAEA009C6CAD /* DepthRenderer.metal in Sources */ = {isa = PBXBuildFile; fileRef = E0B130801EE9AAEA009C6CAD /* DepthRenderer.metal */; };
/* End PBXBuildFile section */

/* Begin PBXContainerItemProxy section */
		607FACE61AFB9204008FA782 /* PBXContainerItemProxy */ = {
			isa = PBXContainerItemProxy;
			containerPortal = 607FACC81AFB9204008FA782 /* Project object */;
			proxyType = 1;
			remoteGlobalIDString = 607FACCF1AFB9204008FA782;
			remoteInfo = MTLImage;
		};
/* End PBXContainerItemProxy section */

/* Begin PBXFileReference section */
		0903E9E555816E58D7C438ED /* README.md */ = {isa = PBXFileReference; includeInIndex = 1; lastKnownFileType = net.daringfireball.markdown; name = README.md; path = ../README.md; sourceTree = "<group>"; };
		3755A6861EED5B185B6B0D08 /* Pods-MTLImage_Example.release.xcconfig */ = {isa = PBXFileReference; includeInIndex = 1; lastKnownFileType = text.xcconfig; name = "Pods-MTLImage_Example.release.xcconfig"; path = "Pods/Target Support Files/Pods-MTLImage_Example/Pods-MTLImage_Example.release.xcconfig"; sourceTree = "<group>"; };
		4501E13B1EE7523F005CBD1C /* DepthMask.metal */ = {isa = PBXFileReference; lastKnownFileType = sourcecode.metal; path = DepthMask.metal; sourceTree = "<group>"; };
		451282511CE765FB00FF7E9C /* Crop.metal */ = {isa = PBXFileReference; fileEncoding = 4; lastKnownFileType = sourcecode.metal; path = Crop.metal; sourceTree = "<group>"; };
		453A609B1CF7974900A48FEE /* Smudge.metal */ = {isa = PBXFileReference; fileEncoding = 4; lastKnownFileType = sourcecode.metal; path = Smudge.metal; sourceTree = "<group>"; };
		453A60A01CFB4D1500A48FEE /* Template.metal */ = {isa = PBXFileReference; fileEncoding = 4; lastKnownFileType = sourcecode.metal; path = Template.metal; sourceTree = "<group>"; };
		453A60A21CFB4D6000A48FEE /* HSV.metal */ = {isa = PBXFileReference; fileEncoding = 4; lastKnownFileType = sourcecode.metal; path = HSV.metal; sourceTree = "<group>"; };
		453D51B61CEBCAB4001A0C9A /* Transform.metal */ = {isa = PBXFileReference; fileEncoding = 4; lastKnownFileType = sourcecode.metal; path = Transform.metal; sourceTree = "<group>"; };
		453F9FDE1CE0F58B003F9871 /* Blend.metal */ = {isa = PBXFileReference; fileEncoding = 4; lastKnownFileType = sourcecode.metal; path = Blend.metal; sourceTree = "<group>"; };
		453F9FDF1CE0F58B003F9871 /* Brightness.metal */ = {isa = PBXFileReference; fileEncoding = 4; lastKnownFileType = sourcecode.metal; path = Brightness.metal; sourceTree = "<group>"; };
		453F9FE01CE0F58B003F9871 /* Camera.metal */ = {isa = PBXFileReference; fileEncoding = 4; lastKnownFileType = sourcecode.metal; path = Camera.metal; sourceTree = "<group>"; };
		453F9FE11CE0F58B003F9871 /* ColorSelection.metal */ = {isa = PBXFileReference; fileEncoding = 4; lastKnownFileType = sourcecode.metal; path = ColorSelection.metal; sourceTree = "<group>"; };
		453F9FE21CE0F58B003F9871 /* Contrast.metal */ = {isa = PBXFileReference; fileEncoding = 4; lastKnownFileType = sourcecode.metal; path = Contrast.metal; sourceTree = "<group>"; };
		453F9FE31CE0F58B003F9871 /* Convolution.metal */ = {isa = PBXFileReference; fileEncoding = 4; lastKnownFileType = sourcecode.metal; path = Convolution.metal; sourceTree = "<group>"; };
		453F9FE41CE0F58B003F9871 /* CrossHatch.metal */ = {isa = PBXFileReference; fileEncoding = 4; lastKnownFileType = sourcecode.metal; path = CrossHatch.metal; sourceTree = "<group>"; };
		453F9FE51CE0F58B003F9871 /* DefaultShaders.metal */ = {isa = PBXFileReference; fileEncoding = 4; lastKnownFileType = sourcecode.metal; path = DefaultShaders.metal; sourceTree = "<group>"; };
		453F9FE61CE0F58B003F9871 /* Distortion.metal */ = {isa = PBXFileReference; fileEncoding = 4; lastKnownFileType = sourcecode.metal; path = Distortion.metal; sourceTree = "<group>"; };
		453F9FE71CE0F58B003F9871 /* Exposure.metal */ = {isa = PBXFileReference; fileEncoding = 4; lastKnownFileType = sourcecode.metal; path = Exposure.metal; sourceTree = "<group>"; };
		453F9FE81CE0F58B003F9871 /* GaussianBlur.metal */ = {isa = PBXFileReference; fileEncoding = 4; lastKnownFileType = sourcecode.metal; path = GaussianBlur.metal; sourceTree = "<group>"; };
		453F9FE91CE0F58B003F9871 /* Haze.metal */ = {isa = PBXFileReference; fileEncoding = 4; lastKnownFileType = sourcecode.metal; path = Haze.metal; sourceTree = "<group>"; };
		453F9FEA1CE0F58B003F9871 /* Histogram.metal */ = {isa = PBXFileReference; fileEncoding = 4; lastKnownFileType = sourcecode.metal; path = Histogram.metal; sourceTree = "<group>"; };
		453F9FEB1CE0F58B003F9871 /* Invert.metal */ = {isa = PBXFileReference; fileEncoding = 4; lastKnownFileType = sourcecode.metal; path = Invert.metal; sourceTree = "<group>"; };
		453F9FEC1CE0F58B003F9871 /* Kuwahara.metal */ = {isa = PBXFileReference; fileEncoding = 4; lastKnownFileType = sourcecode.metal; path = Kuwahara.metal; sourceTree = "<group>"; };
		453F9FED1CE0F58B003F9871 /* Levels.metal */ = {isa = PBXFileReference; fileEncoding = 4; lastKnownFileType = sourcecode.metal; path = Levels.metal; sourceTree = "<group>"; };
		453F9FEE1CE0F58B003F9871 /* LineDetection.metal */ = {isa = PBXFileReference; fileEncoding = 4; lastKnownFileType = sourcecode.metal; path = LineDetection.metal; sourceTree = "<group>"; };
		453F9FEF1CE0F58B003F9871 /* LuminanceThreshold.metal */ = {isa = PBXFileReference; fileEncoding = 4; lastKnownFileType = sourcecode.metal; path = LuminanceThreshold.metal; sourceTree = "<group>"; };
		453F9FF01CE0F58B003F9871 /* Mask.metal */ = {isa = PBXFileReference; fileEncoding = 4; lastKnownFileType = sourcecode.metal; path = Mask.metal; sourceTree = "<group>"; };
		453F9FF11CE0F58B003F9871 /* Mosaic.metal */ = {isa = PBXFileReference; fileEncoding = 4; lastKnownFileType = sourcecode.metal; path = Mosaic.metal; sourceTree = "<group>"; };
		453F9FF21CE0F58B003F9871 /* OilPaint.metal */ = {isa = PBXFileReference; fileEncoding = 4; lastKnownFileType = sourcecode.metal; path = OilPaint.metal; sourceTree = "<group>"; };
		453F9FF31CE0F58B003F9871 /* PerlinNoise.metal */ = {isa = PBXFileReference; fileEncoding = 4; lastKnownFileType = sourcecode.metal; path = PerlinNoise.metal; sourceTree = "<group>"; };
		453F9FF41CE0F58B003F9871 /* Pixellate.metal */ = {isa = PBXFileReference; fileEncoding = 4; lastKnownFileType = sourcecode.metal; path = Pixellate.metal; sourceTree = "<group>"; };
		453F9FF51CE0F58B003F9871 /* PolkaDot.metal */ = {isa = PBXFileReference; fileEncoding = 4; lastKnownFileType = sourcecode.metal; path = PolkaDot.metal; sourceTree = "<group>"; };
		453F9FF61CE0F58B003F9871 /* Saturation.metal */ = {isa = PBXFileReference; fileEncoding = 4; lastKnownFileType = sourcecode.metal; path = Saturation.metal; sourceTree = "<group>"; };
		453F9FF71CE0F58B003F9871 /* SelectiveHSL.metal */ = {isa = PBXFileReference; fileEncoding = 4; lastKnownFileType = sourcecode.metal; path = SelectiveHSL.metal; sourceTree = "<group>"; };
		453F9FF81CE0F58B003F9871 /* Sharpen.metal */ = {isa = PBXFileReference; fileEncoding = 4; lastKnownFileType = sourcecode.metal; path = Sharpen.metal; sourceTree = "<group>"; };
		453F9FF91CE0F58B003F9871 /* Sketch.metal */ = {isa = PBXFileReference; fileEncoding = 4; lastKnownFileType = sourcecode.metal; path = Sketch.metal; sourceTree = "<group>"; };
		453F9FFA1CE0F58B003F9871 /* SobelEdgeDetection.metal */ = {isa = PBXFileReference; fileEncoding = 4; lastKnownFileType = sourcecode.metal; path = SobelEdgeDetection.metal; sourceTree = "<group>"; };
		453F9FFB1CE0F58B003F9871 /* SobelEdgeDetectionThreshold.metal */ = {isa = PBXFileReference; fileEncoding = 4; lastKnownFileType = sourcecode.metal; path = SobelEdgeDetectionThreshold.metal; sourceTree = "<group>"; };
		453F9FFC1CE0F58B003F9871 /* Toon.metal */ = {isa = PBXFileReference; fileEncoding = 4; lastKnownFileType = sourcecode.metal; path = Toon.metal; sourceTree = "<group>"; };
		453F9FFD1CE0F58B003F9871 /* Vignette.metal */ = {isa = PBXFileReference; fileEncoding = 4; lastKnownFileType = sourcecode.metal; path = Vignette.metal; sourceTree = "<group>"; };
		453F9FFE1CE0F58B003F9871 /* Water.metal */ = {isa = PBXFileReference; fileEncoding = 4; lastKnownFileType = sourcecode.metal; path = Water.metal; sourceTree = "<group>"; };
		453FA0001CE0F58B003F9871 /* WhiteBalance.metal */ = {isa = PBXFileReference; fileEncoding = 4; lastKnownFileType = sourcecode.metal; path = WhiteBalance.metal; sourceTree = "<group>"; };
		453FA0251CE36F2D003F9871 /* NonMaximumSuppression.metal */ = {isa = PBXFileReference; fileEncoding = 4; lastKnownFileType = sourcecode.metal; path = NonMaximumSuppression.metal; sourceTree = "<group>"; };
		453FA02B1CE37683003F9871 /* HarrisCornerDetection.metal */ = {isa = PBXFileReference; fileEncoding = 4; lastKnownFileType = sourcecode.metal; path = HarrisCornerDetection.metal; sourceTree = "<group>"; };
		4544E8171CD278D0009115B7 /* MessageUI.framework */ = {isa = PBXFileReference; lastKnownFileType = wrapper.framework; name = MessageUI.framework; path = System/Library/Frameworks/MessageUI.framework; sourceTree = SDKROOT; };
		4544EEBA1D83360D0028EE53 /* Voronoi.metal */ = {isa = PBXFileReference; fileEncoding = 4; lastKnownFileType = sourcecode.metal; path = Voronoi.metal; sourceTree = "<group>"; };
		4545D63F1CD312570067A498 /* Retro */ = {isa = PBXFileReference; lastKnownFileType = file.bplist; path = Retro; sourceTree = "<group>"; };
		4546570A1CB9BB98001E421A /* FilterGroupViewController.swift */ = {isa = PBXFileReference; fileEncoding = 4; lastKnownFileType = sourcecode.swift; lineEnding = 0; name = FilterGroupViewController.swift; path = Filters/FilterGroupViewController.swift; sourceTree = "<group>"; xcLanguageSpecificationIdentifier = xcode.lang.swift; };
		4546570C1CB9BE98001E421A /* AddFilterViewController.swift */ = {isa = PBXFileReference; fileEncoding = 4; lastKnownFileType = sourcecode.swift; name = AddFilterViewController.swift; path = Filters/AddFilterViewController.swift; sourceTree = "<group>"; };
		454657101CBA85B7001E421A /* Montserrat-Bold.ttf */ = {isa = PBXFileReference; lastKnownFileType = file; path = "Montserrat-Bold.ttf"; sourceTree = "<group>"; };
		454657111CBA85B7001E421A /* Montserrat-Regular.ttf */ = {isa = PBXFileReference; lastKnownFileType = file; path = "Montserrat-Regular.ttf"; sourceTree = "<group>"; };
		454CEDB01CB09FB800D67A9E /* FiltersViewController.swift */ = {isa = PBXFileReference; fileEncoding = 4; lastKnownFileType = sourcecode.swift; name = FiltersViewController.swift; path = Filters/FiltersViewController.swift; sourceTree = "<group>"; };
		454CEDC11CB1470600D67A9E /* InfoViewController.swift */ = {isa = PBXFileReference; fileEncoding = 4; lastKnownFileType = sourcecode.swift; name = InfoViewController.swift; path = Info/InfoViewController.swift; sourceTree = "<group>"; };
		454CEDC31CB1496500D67A9E /* MetadataFormatter.swift */ = {isa = PBXFileReference; fileEncoding = 4; lastKnownFileType = sourcecode.swift; name = MetadataFormatter.swift; path = Info/MetadataFormatter.swift; sourceTree = "<group>"; };
		4556FC851D6F4B95005C1D14 /* TestViewController.swift */ = {isa = PBXFileReference; fileEncoding = 4; lastKnownFileType = sourcecode.swift; path = TestViewController.swift; sourceTree = "<group>"; };
		455AE1EF1CFB643A007702BA /* Hue.metal */ = {isa = PBXFileReference; fileEncoding = 4; lastKnownFileType = sourcecode.metal; path = Hue.metal; sourceTree = "<group>"; };
		455AE3601CFBE8D5007702BA /* HighlightShadow.metal */ = {isa = PBXFileReference; fileEncoding = 4; lastKnownFileType = sourcecode.metal; path = HighlightShadow.metal; sourceTree = "<group>"; };
		456DB2011D79B976002DF330 /* ToggleCell.swift */ = {isa = PBXFileReference; fileEncoding = 4; lastKnownFileType = sourcecode.swift; path = ToggleCell.swift; sourceTree = "<group>"; };
		457551331D01BCA60096D842 /* MTLImage_Example.entitlements */ = {isa = PBXFileReference; lastKnownFileType = text.xml; path = MTLImage_Example.entitlements; sourceTree = "<group>"; };
		457551341D01BCAC0096D842 /* CloudKit.framework */ = {isa = PBXFileReference; lastKnownFileType = wrapper.framework; name = CloudKit.framework; path = System/Library/Frameworks/CloudKit.framework; sourceTree = SDKROOT; };
		45764E3A1CE3906100315DA7 /* WeakPixelInclusion.metal */ = {isa = PBXFileReference; fileEncoding = 4; lastKnownFileType = sourcecode.metal; path = WeakPixelInclusion.metal; sourceTree = "<group>"; };
		45764E3E1CE3936C00315DA7 /* XYDerivative.metal */ = {isa = PBXFileReference; fileEncoding = 4; lastKnownFileType = sourcecode.metal; path = XYDerivative.metal; sourceTree = "<group>"; };
		457A87971CECB6E400188C52 /* Scatter.metal */ = {isa = PBXFileReference; fileEncoding = 4; lastKnownFileType = sourcecode.metal; path = Scatter.metal; sourceTree = "<group>"; };
		457FA3D21D789DCC008C6C35 /* LensFlare.metal */ = {isa = PBXFileReference; fileEncoding = 4; lastKnownFileType = sourcecode.metal; path = LensFlare.metal; sourceTree = "<group>"; };
		458EDE041CFDC71F009BA88E /* ToneCurve.metal */ = {isa = PBXFileReference; fileEncoding = 4; lastKnownFileType = sourcecode.metal; path = ToneCurve.metal; sourceTree = "<group>"; };
		45A616801CBFD9BA00C000C7 /* PickerCell.swift */ = {isa = PBXFileReference; fileEncoding = 4; lastKnownFileType = sourcecode.swift; path = PickerCell.swift; sourceTree = "<group>"; };
		45BE9F871C9226010014593F /* Metal.framework */ = {isa = PBXFileReference; lastKnownFileType = wrapper.framework; name = Metal.framework; path = System/Library/Frameworks/Metal.framework; sourceTree = SDKROOT; };
		45CDCB311EEB30CD00E8A590 /* DepthBlend.metal */ = {isa = PBXFileReference; lastKnownFileType = sourcecode.metal; path = DepthBlend.metal; sourceTree = "<group>"; };
		45EB4FC31CADF4C00018936C /* MainViewController.swift */ = {isa = PBXFileReference; fileEncoding = 4; lastKnownFileType = sourcecode.swift; name = MainViewController.swift; path = Main/MainViewController.swift; sourceTree = "<group>"; };
		45EB4FC91CADF7640018936C /* MTLImage.framework */ = {isa = PBXFileReference; lastKnownFileType = wrapper.framework; name = MTLImage.framework; path = "../../../../Developer/Xcode/DerivedData/MTLImage-dlzobbsaleuujzhenaykjwcrxpyr/Build/Products/Debug-iphoneos/MTLImage.framework"; sourceTree = "<group>"; };
		45EB4FCB1CADF76C0018936C /* MetalKit.framework */ = {isa = PBXFileReference; lastKnownFileType = wrapper.framework; name = MetalKit.framework; path = System/Library/Frameworks/MetalKit.framework; sourceTree = SDKROOT; };
		45EB4FCE1CADF8CD0018936C /* SettingsViewController.swift */ = {isa = PBXFileReference; fileEncoding = 4; lastKnownFileType = sourcecode.swift; lineEnding = 0; path = SettingsViewController.swift; sourceTree = "<group>"; xcLanguageSpecificationIdentifier = xcode.lang.swift; };
		45EB4FD01CADFAAE0018936C /* SettingsCell.swift */ = {isa = PBXFileReference; fileEncoding = 4; lastKnownFileType = sourcecode.swift; path = SettingsCell.swift; sourceTree = "<group>"; };
		45F34AEC1D16CDF800BE7D0C /* UnsharpMask.metal */ = {isa = PBXFileReference; fileEncoding = 4; lastKnownFileType = sourcecode.metal; path = UnsharpMask.metal; sourceTree = "<group>"; };
		607FACD01AFB9204008FA782 /* MTLImage_Example.app */ = {isa = PBXFileReference; explicitFileType = wrapper.application; includeInIndex = 0; path = MTLImage_Example.app; sourceTree = BUILT_PRODUCTS_DIR; };
		607FACD41AFB9204008FA782 /* Info.plist */ = {isa = PBXFileReference; lastKnownFileType = text.plist.xml; path = Info.plist; sourceTree = "<group>"; };
		607FACD51AFB9204008FA782 /* AppDelegate.swift */ = {isa = PBXFileReference; lastKnownFileType = sourcecode.swift; path = AppDelegate.swift; sourceTree = "<group>"; };
		607FACDA1AFB9204008FA782 /* Base */ = {isa = PBXFileReference; lastKnownFileType = file.storyboard; name = Base; path = Base.lproj/Main.storyboard; sourceTree = "<group>"; };
		607FACDC1AFB9204008FA782 /* Images.xcassets */ = {isa = PBXFileReference; lastKnownFileType = folder.assetcatalog; path = Images.xcassets; sourceTree = "<group>"; };
		607FACDF1AFB9204008FA782 /* Base */ = {isa = PBXFileReference; lastKnownFileType = file.xib; name = Base; path = Base.lproj/LaunchScreen.xib; sourceTree = "<group>"; };
		607FACE51AFB9204008FA782 /* MTLImage_Tests.xctest */ = {isa = PBXFileReference; explicitFileType = wrapper.cfbundle; includeInIndex = 0; path = MTLImage_Tests.xctest; sourceTree = BUILT_PRODUCTS_DIR; };
		607FACEA1AFB9204008FA782 /* Info.plist */ = {isa = PBXFileReference; lastKnownFileType = text.plist.xml; path = Info.plist; sourceTree = "<group>"; };
		607FACEB1AFB9204008FA782 /* Tests.swift */ = {isa = PBXFileReference; lastKnownFileType = sourcecode.swift; path = Tests.swift; sourceTree = "<group>"; };
		886D1B853FEDF1C2983F63AC /* Pods-MTLImage_Tests.release.xcconfig */ = {isa = PBXFileReference; includeInIndex = 1; lastKnownFileType = text.xcconfig; name = "Pods-MTLImage_Tests.release.xcconfig"; path = "Pods/Target Support Files/Pods-MTLImage_Tests/Pods-MTLImage_Tests.release.xcconfig"; sourceTree = "<group>"; };
		9FC6A14C55CD9B7346CBFD32 /* Pods-MTLImage_Example.debug.xcconfig */ = {isa = PBXFileReference; includeInIndex = 1; lastKnownFileType = text.xcconfig; name = "Pods-MTLImage_Example.debug.xcconfig"; path = "Pods/Target Support Files/Pods-MTLImage_Example/Pods-MTLImage_Example.debug.xcconfig"; sourceTree = "<group>"; };
		BAEECF5F2ACEF5C666ED1CD9 /* Pods_MTLImage_Example.framework */ = {isa = PBXFileReference; explicitFileType = wrapper.framework; includeInIndex = 0; path = Pods_MTLImage_Example.framework; sourceTree = BUILT_PRODUCTS_DIR; };
		CDED0AC23F7C99E698A39CC3 /* Pods_MTLImage_Tests.framework */ = {isa = PBXFileReference; explicitFileType = wrapper.framework; includeInIndex = 0; path = Pods_MTLImage_Tests.framework; sourceTree = BUILT_PRODUCTS_DIR; };
		D061FABF10827868504273F6 /* Pods-MTLImage_Tests.debug.xcconfig */ = {isa = PBXFileReference; includeInIndex = 1; lastKnownFileType = text.xcconfig; name = "Pods-MTLImage_Tests.debug.xcconfig"; path = "Pods/Target Support Files/Pods-MTLImage_Tests/Pods-MTLImage_Tests.debug.xcconfig"; sourceTree = "<group>"; };
		E0A0E3B81EEF2C9E003295AD /* Resize.metal */ = {isa = PBXFileReference; lastKnownFileType = sourcecode.metal; path = Resize.metal; sourceTree = "<group>"; };
		E0A65B931EF2E3F30098D1BF /* RollingAverage.metal */ = {isa = PBXFileReference; lastKnownFileType = sourcecode.metal; path = RollingAverage.metal; sourceTree = "<group>"; };
		E0B130801EE9AAEA009C6CAD /* DepthRenderer.metal */ = {isa = PBXFileReference; lastKnownFileType = sourcecode.metal; path = DepthRenderer.metal; sourceTree = "<group>"; };
		FE292ED962A5A6D3F81B60FA /* LICENSE */ = {isa = PBXFileReference; includeInIndex = 1; lastKnownFileType = text; name = LICENSE; path = ../LICENSE; sourceTree = "<group>"; };
		FF48E278E3CE9928A298E8BF /* MTLImage.podspec */ = {isa = PBXFileReference; includeInIndex = 1; lastKnownFileType = text; name = MTLImage.podspec; path = ../MTLImage.podspec; sourceTree = "<group>"; };
/* End PBXFileReference section */

/* Begin PBXFrameworksBuildPhase section */
		607FACCD1AFB9204008FA782 /* Frameworks */ = {
			isa = PBXFrameworksBuildPhase;
			buildActionMask = 2147483647;
			files = (
				4544E8181CD278D0009115B7 /* MessageUI.framework in Frameworks */,
				45EB4FCC1CADF76C0018936C /* MetalKit.framework in Frameworks */,
				45EB4FCA1CADF7640018936C /* MTLImage.framework in Frameworks */,
				457551351D01BCAC0096D842 /* CloudKit.framework in Frameworks */,
				45EB4FC81CADF75F0018936C /* Metal.framework in Frameworks */,
				583CB0F33361D03DAB4EED53 /* Pods_MTLImage_Example.framework in Frameworks */,
			);
			runOnlyForDeploymentPostprocessing = 0;
		};
		607FACE21AFB9204008FA782 /* Frameworks */ = {
			isa = PBXFrameworksBuildPhase;
			buildActionMask = 2147483647;
			files = (
				CC7B0C4D729E39FDBF22A0D9 /* Pods_MTLImage_Tests.framework in Frameworks */,
			);
			runOnlyForDeploymentPostprocessing = 0;
		};
/* End PBXFrameworksBuildPhase section */

/* Begin PBXGroup section */
		453F9FDD1CE0F58B003F9871 /* Shaders */ = {
			isa = PBXGroup;
			children = (
				453F9FDE1CE0F58B003F9871 /* Blend.metal */,
				453F9FDF1CE0F58B003F9871 /* Brightness.metal */,
				453A60A01CFB4D1500A48FEE /* Template.metal */,
				453F9FE01CE0F58B003F9871 /* Camera.metal */,
				453F9FE11CE0F58B003F9871 /* ColorSelection.metal */,
				453F9FE21CE0F58B003F9871 /* Contrast.metal */,
				453F9FE31CE0F58B003F9871 /* Convolution.metal */,
				453F9FE41CE0F58B003F9871 /* CrossHatch.metal */,
				453F9FE51CE0F58B003F9871 /* DefaultShaders.metal */,
				4501E13B1EE7523F005CBD1C /* DepthMask.metal */,
				453F9FE61CE0F58B003F9871 /* Distortion.metal */,
				453F9FE71CE0F58B003F9871 /* Exposure.metal */,
				453F9FE81CE0F58B003F9871 /* GaussianBlur.metal */,
				453F9FE91CE0F58B003F9871 /* Haze.metal */,
				453F9FEA1CE0F58B003F9871 /* Histogram.metal */,
				453F9FEB1CE0F58B003F9871 /* Invert.metal */,
				453F9FEC1CE0F58B003F9871 /* Kuwahara.metal */,
				453F9FED1CE0F58B003F9871 /* Levels.metal */,
				453F9FEE1CE0F58B003F9871 /* LineDetection.metal */,
				453F9FEF1CE0F58B003F9871 /* LuminanceThreshold.metal */,
				453F9FF01CE0F58B003F9871 /* Mask.metal */,
				453F9FF11CE0F58B003F9871 /* Mosaic.metal */,
				453F9FF21CE0F58B003F9871 /* OilPaint.metal */,
				453F9FF31CE0F58B003F9871 /* PerlinNoise.metal */,
				453F9FF41CE0F58B003F9871 /* Pixellate.metal */,
				453F9FF51CE0F58B003F9871 /* PolkaDot.metal */,
				453F9FF61CE0F58B003F9871 /* Saturation.metal */,
				453F9FF71CE0F58B003F9871 /* SelectiveHSL.metal */,
				453F9FF81CE0F58B003F9871 /* Sharpen.metal */,
				458EDE041CFDC71F009BA88E /* ToneCurve.metal */,
				453F9FF91CE0F58B003F9871 /* Sketch.metal */,
				453F9FFA1CE0F58B003F9871 /* SobelEdgeDetection.metal */,
				453F9FFB1CE0F58B003F9871 /* SobelEdgeDetectionThreshold.metal */,
				453F9FFC1CE0F58B003F9871 /* Toon.metal */,
				453F9FFD1CE0F58B003F9871 /* Vignette.metal */,
				453F9FFE1CE0F58B003F9871 /* Water.metal */,
				453FA0001CE0F58B003F9871 /* WhiteBalance.metal */,
				453FA0251CE36F2D003F9871 /* NonMaximumSuppression.metal */,
				453FA02B1CE37683003F9871 /* HarrisCornerDetection.metal */,
				45764E3A1CE3906100315DA7 /* WeakPixelInclusion.metal */,
				455AE3601CFBE8D5007702BA /* HighlightShadow.metal */,
				45764E3E1CE3936C00315DA7 /* XYDerivative.metal */,
				451282511CE765FB00FF7E9C /* Crop.metal */,
				453D51B61CEBCAB4001A0C9A /* Transform.metal */,
				457A87971CECB6E400188C52 /* Scatter.metal */,
				453A609B1CF7974900A48FEE /* Smudge.metal */,
				455AE1EF1CFB643A007702BA /* Hue.metal */,
				453A60A21CFB4D6000A48FEE /* HSV.metal */,
				45F34AEC1D16CDF800BE7D0C /* UnsharpMask.metal */,
				457FA3D21D789DCC008C6C35 /* LensFlare.metal */,
				4544EEBA1D83360D0028EE53 /* Voronoi.metal */,
				E0B130801EE9AAEA009C6CAD /* DepthRenderer.metal */,
				45CDCB311EEB30CD00E8A590 /* DepthBlend.metal */,
				E0A0E3B81EEF2C9E003295AD /* Resize.metal */,
				E0A65B931EF2E3F30098D1BF /* RollingAverage.metal */,
			);
			path = Shaders;
			sourceTree = "<group>";
		};
		4545D63E1CD312570067A498 /* Saved Filters */ = {
			isa = PBXGroup;
			children = (
				4545D63F1CD312570067A498 /* Retro */,
			);
			path = "Saved Filters";
			sourceTree = "<group>";
		};
		4546570E1CBA85B7001E421A /* Resources */ = {
			isa = PBXGroup;
			children = (
				4546570F1CBA85B7001E421A /* Fonts */,
			);
			path = Resources;
			sourceTree = "<group>";
		};
		4546570F1CBA85B7001E421A /* Fonts */ = {
			isa = PBXGroup;
			children = (
				454657101CBA85B7001E421A /* Montserrat-Bold.ttf */,
				454657111CBA85B7001E421A /* Montserrat-Regular.ttf */,
			);
			path = Fonts;
			sourceTree = "<group>";
		};
		454CEDAF1CB09FA900D67A9E /* Filters */ = {
			isa = PBXGroup;
			children = (
				454CEDB01CB09FB800D67A9E /* FiltersViewController.swift */,
				4546570A1CB9BB98001E421A /* FilterGroupViewController.swift */,
				4546570C1CB9BE98001E421A /* AddFilterViewController.swift */,
			);
			name = Filters;
			sourceTree = "<group>";
		};
		454CEDC01CB146F600D67A9E /* Info */ = {
			isa = PBXGroup;
			children = (
				454CEDC11CB1470600D67A9E /* InfoViewController.swift */,
				454CEDC31CB1496500D67A9E /* MetadataFormatter.swift */,
			);
			name = Info;
			sourceTree = "<group>";
		};
		4556FC841D6F4B85005C1D14 /* Test */ = {
			isa = PBXGroup;
			children = (
				4556FC851D6F4B95005C1D14 /* TestViewController.swift */,
			);
			name = Test;
			sourceTree = "<group>";
		};
		45EB4FBF1CADF49D0018936C /* Views/Controllers */ = {
			isa = PBXGroup;
			children = (
				4556FC841D6F4B85005C1D14 /* Test */,
				454CEDC01CB146F600D67A9E /* Info */,
				454CEDAF1CB09FA900D67A9E /* Filters */,
				45EB4FCD1CADF8C20018936C /* Settings */,
				45EB4FC21CADF4AB0018936C /* Main */,
			);
			name = Views/Controllers;
			path = "Views:Controllers";
			sourceTree = "<group>";
		};
		45EB4FC21CADF4AB0018936C /* Main */ = {
			isa = PBXGroup;
			children = (
				45EB4FC31CADF4C00018936C /* MainViewController.swift */,
			);
			name = Main;
			sourceTree = "<group>";
		};
		45EB4FCD1CADF8C20018936C /* Settings */ = {
			isa = PBXGroup;
			children = (
				45EB4FCE1CADF8CD0018936C /* SettingsViewController.swift */,
				45EB4FD01CADFAAE0018936C /* SettingsCell.swift */,
				45A616801CBFD9BA00C000C7 /* PickerCell.swift */,
				456DB2011D79B976002DF330 /* ToggleCell.swift */,
			);
			path = Settings;
			sourceTree = "<group>";
		};
		607FACC71AFB9204008FA782 = {
			isa = PBXGroup;
			children = (
				457551331D01BCA60096D842 /* MTLImage_Example.entitlements */,
				607FACF51AFB993E008FA782 /* Podspec Metadata */,
				607FACD21AFB9204008FA782 /* Example for MTLImage */,
				607FACE81AFB9204008FA782 /* Tests */,
				607FACD11AFB9204008FA782 /* Products */,
				A2862FF0806B418CDB5AF86F /* Frameworks */,
				F724F2FE12F8D41C4E894DDE /* Pods */,
			);
			sourceTree = "<group>";
		};
		607FACD11AFB9204008FA782 /* Products */ = {
			isa = PBXGroup;
			children = (
				607FACD01AFB9204008FA782 /* MTLImage_Example.app */,
				607FACE51AFB9204008FA782 /* MTLImage_Tests.xctest */,
			);
			name = Products;
			sourceTree = "<group>";
		};
		607FACD21AFB9204008FA782 /* Example for MTLImage */ = {
			isa = PBXGroup;
			children = (
				453F9FDD1CE0F58B003F9871 /* Shaders */,
				4545D63E1CD312570067A498 /* Saved Filters */,
				45EB4FBF1CADF49D0018936C /* Views/Controllers */,
				607FACD91AFB9204008FA782 /* Main.storyboard */,
				607FACDC1AFB9204008FA782 /* Images.xcassets */,
				607FACDE1AFB9204008FA782 /* LaunchScreen.xib */,
				607FACD51AFB9204008FA782 /* AppDelegate.swift */,
				4546570E1CBA85B7001E421A /* Resources */,
				607FACD31AFB9204008FA782 /* Supporting Files */,
			);
			name = "Example for MTLImage";
			path = MTLImage;
			sourceTree = "<group>";
		};
		607FACD31AFB9204008FA782 /* Supporting Files */ = {
			isa = PBXGroup;
			children = (
				607FACD41AFB9204008FA782 /* Info.plist */,
			);
			name = "Supporting Files";
			sourceTree = "<group>";
		};
		607FACE81AFB9204008FA782 /* Tests */ = {
			isa = PBXGroup;
			children = (
				607FACEB1AFB9204008FA782 /* Tests.swift */,
				607FACE91AFB9204008FA782 /* Supporting Files */,
			);
			path = Tests;
			sourceTree = "<group>";
		};
		607FACE91AFB9204008FA782 /* Supporting Files */ = {
			isa = PBXGroup;
			children = (
				607FACEA1AFB9204008FA782 /* Info.plist */,
			);
			name = "Supporting Files";
			sourceTree = "<group>";
		};
		607FACF51AFB993E008FA782 /* Podspec Metadata */ = {
			isa = PBXGroup;
			children = (
				FF48E278E3CE9928A298E8BF /* MTLImage.podspec */,
				0903E9E555816E58D7C438ED /* README.md */,
				FE292ED962A5A6D3F81B60FA /* LICENSE */,
			);
			name = "Podspec Metadata";
			sourceTree = "<group>";
		};
		A2862FF0806B418CDB5AF86F /* Frameworks */ = {
			isa = PBXGroup;
			children = (
				457551341D01BCAC0096D842 /* CloudKit.framework */,
				4544E8171CD278D0009115B7 /* MessageUI.framework */,
				45EB4FCB1CADF76C0018936C /* MetalKit.framework */,
				45EB4FC91CADF7640018936C /* MTLImage.framework */,
				45BE9F871C9226010014593F /* Metal.framework */,
				BAEECF5F2ACEF5C666ED1CD9 /* Pods_MTLImage_Example.framework */,
				CDED0AC23F7C99E698A39CC3 /* Pods_MTLImage_Tests.framework */,
			);
			name = Frameworks;
			sourceTree = "<group>";
		};
		F724F2FE12F8D41C4E894DDE /* Pods */ = {
			isa = PBXGroup;
			children = (
				9FC6A14C55CD9B7346CBFD32 /* Pods-MTLImage_Example.debug.xcconfig */,
				3755A6861EED5B185B6B0D08 /* Pods-MTLImage_Example.release.xcconfig */,
				D061FABF10827868504273F6 /* Pods-MTLImage_Tests.debug.xcconfig */,
				886D1B853FEDF1C2983F63AC /* Pods-MTLImage_Tests.release.xcconfig */,
			);
			name = Pods;
			sourceTree = "<group>";
		};
/* End PBXGroup section */

/* Begin PBXNativeTarget section */
		607FACCF1AFB9204008FA782 /* MTLImage_Example */ = {
			isa = PBXNativeTarget;
			buildConfigurationList = 607FACEF1AFB9204008FA782 /* Build configuration list for PBXNativeTarget "MTLImage_Example" */;
			buildPhases = (
				5B3865D05BF3563ADC703DED /* [CP] Check Pods Manifest.lock */,
				607FACCC1AFB9204008FA782 /* Sources */,
				607FACCD1AFB9204008FA782 /* Frameworks */,
				607FACCE1AFB9204008FA782 /* Resources */,
				454EA1641CBB469E00E02207 /* ShellScript */,
				C0922357476923DB742445BB /* [CP] Embed Pods Frameworks */,
				509B0F56D9734243621CAAFF /* [CP] Copy Pods Resources */,
			);
			buildRules = (
			);
			dependencies = (
			);
			name = MTLImage_Example;
			productName = MTLImage;
			productReference = 607FACD01AFB9204008FA782 /* MTLImage_Example.app */;
			productType = "com.apple.product-type.application";
		};
		607FACE41AFB9204008FA782 /* MTLImage_Tests */ = {
			isa = PBXNativeTarget;
			buildConfigurationList = 607FACF21AFB9204008FA782 /* Build configuration list for PBXNativeTarget "MTLImage_Tests" */;
			buildPhases = (
				EF2070B7A730BB62C5830371 /* [CP] Check Pods Manifest.lock */,
				607FACE11AFB9204008FA782 /* Sources */,
				607FACE21AFB9204008FA782 /* Frameworks */,
				607FACE31AFB9204008FA782 /* Resources */,
				14C01453227C3BAD1358EBB4 /* [CP] Embed Pods Frameworks */,
				F73F3B2E4DF5C350BF5AD997 /* [CP] Copy Pods Resources */,
			);
			buildRules = (
			);
			dependencies = (
				607FACE71AFB9204008FA782 /* PBXTargetDependency */,
			);
			name = MTLImage_Tests;
			productName = Tests;
			productReference = 607FACE51AFB9204008FA782 /* MTLImage_Tests.xctest */;
			productType = "com.apple.product-type.bundle.unit-test";
		};
/* End PBXNativeTarget section */

/* Begin PBXProject section */
		607FACC81AFB9204008FA782 /* Project object */ = {
			isa = PBXProject;
			attributes = {
				LastSwiftUpdateCheck = 0730;
				LastUpgradeCheck = 0900;
				ORGANIZATIONNAME = CocoaPods;
				TargetAttributes = {
					607FACCF1AFB9204008FA782 = {
						CreatedOnToolsVersion = 6.3.1;
						DevelopmentTeam = P83X3BG446;
						LastSwiftMigration = 0900;
						SystemCapabilities = {
							com.apple.iCloud = {
								enabled = 1;
							};
						};
					};
					607FACE41AFB9204008FA782 = {
						CreatedOnToolsVersion = 6.3.1;
						LastSwiftMigration = 0900;
						TestTargetID = 607FACCF1AFB9204008FA782;
					};
				};
			};
			buildConfigurationList = 607FACCB1AFB9204008FA782 /* Build configuration list for PBXProject "MTLImage" */;
			compatibilityVersion = "Xcode 3.2";
			developmentRegion = English;
			hasScannedForEncodings = 0;
			knownRegions = (
				en,
				Base,
			);
			mainGroup = 607FACC71AFB9204008FA782;
			productRefGroup = 607FACD11AFB9204008FA782 /* Products */;
			projectDirPath = "";
			projectRoot = "";
			targets = (
				607FACCF1AFB9204008FA782 /* MTLImage_Example */,
				607FACE41AFB9204008FA782 /* MTLImage_Tests */,
			);
		};
/* End PBXProject section */

/* Begin PBXResourcesBuildPhase section */
		607FACCE1AFB9204008FA782 /* Resources */ = {
			isa = PBXResourcesBuildPhase;
			buildActionMask = 2147483647;
			files = (
				454657121CBA85B7001E421A /* Montserrat-Bold.ttf in Resources */,
				607FACDB1AFB9204008FA782 /* Main.storyboard in Resources */,
				607FACE01AFB9204008FA782 /* LaunchScreen.xib in Resources */,
				4545D6401CD312570067A498 /* Retro in Resources */,
				454657131CBA85B7001E421A /* Montserrat-Regular.ttf in Resources */,
				607FACDD1AFB9204008FA782 /* Images.xcassets in Resources */,
			);
			runOnlyForDeploymentPostprocessing = 0;
		};
		607FACE31AFB9204008FA782 /* Resources */ = {
			isa = PBXResourcesBuildPhase;
			buildActionMask = 2147483647;
			files = (
			);
			runOnlyForDeploymentPostprocessing = 0;
		};
/* End PBXResourcesBuildPhase section */

/* Begin PBXShellScriptBuildPhase section */
		14C01453227C3BAD1358EBB4 /* [CP] Embed Pods Frameworks */ = {
			isa = PBXShellScriptBuildPhase;
			buildActionMask = 2147483647;
			files = (
			);
			inputPaths = (
			);
			name = "[CP] Embed Pods Frameworks";
			outputPaths = (
			);
			runOnlyForDeploymentPostprocessing = 0;
			shellPath = /bin/sh;
			shellScript = "\"${SRCROOT}/Pods/Target Support Files/Pods-MTLImage_Tests/Pods-MTLImage_Tests-frameworks.sh\"\n";
			showEnvVarsInLog = 0;
		};
		454EA1641CBB469E00E02207 /* ShellScript */ = {
			isa = PBXShellScriptBuildPhase;
			buildActionMask = 2147483647;
			files = (
			);
			inputPaths = (
			);
			outputPaths = (
			);
			runOnlyForDeploymentPostprocessing = 0;
			shellPath = /bin/sh;
			shellScript = "\"${PODS_ROOT}/Fabric/run\" 1708752460039d1fc7e688ff721b55eb26b04b23 62f7fe52af399a97c44854566d8410ebf09baddeeb41c54a2959cf630a867823";
		};
		509B0F56D9734243621CAAFF /* [CP] Copy Pods Resources */ = {
			isa = PBXShellScriptBuildPhase;
			buildActionMask = 2147483647;
			files = (
			);
			inputPaths = (
			);
			name = "[CP] Copy Pods Resources";
			outputPaths = (
			);
			runOnlyForDeploymentPostprocessing = 0;
			shellPath = /bin/sh;
			shellScript = "\"${SRCROOT}/Pods/Target Support Files/Pods-MTLImage_Example/Pods-MTLImage_Example-resources.sh\"\n";
			showEnvVarsInLog = 0;
		};
		5B3865D05BF3563ADC703DED /* [CP] Check Pods Manifest.lock */ = {
			isa = PBXShellScriptBuildPhase;
			buildActionMask = 2147483647;
			files = (
			);
			inputPaths = (
			);
			name = "[CP] Check Pods Manifest.lock";
			outputPaths = (
			);
			runOnlyForDeploymentPostprocessing = 0;
			shellPath = /bin/sh;
			shellScript = "diff \"${PODS_ROOT}/../Podfile.lock\" \"${PODS_ROOT}/Manifest.lock\" > /dev/null\nif [[ $? != 0 ]] ; then\n    cat << EOM\nerror: The sandbox is not in sync with the Podfile.lock. Run 'pod install' or update your CocoaPods installation.\nEOM\n    exit 1\nfi\n";
			showEnvVarsInLog = 0;
		};
		C0922357476923DB742445BB /* [CP] Embed Pods Frameworks */ = {
			isa = PBXShellScriptBuildPhase;
			buildActionMask = 2147483647;
			files = (
			);
			inputPaths = (
			);
			name = "[CP] Embed Pods Frameworks";
			outputPaths = (
			);
			runOnlyForDeploymentPostprocessing = 0;
			shellPath = /bin/sh;
			shellScript = "\"${SRCROOT}/Pods/Target Support Files/Pods-MTLImage_Example/Pods-MTLImage_Example-frameworks.sh\"\n";
			showEnvVarsInLog = 0;
		};
		EF2070B7A730BB62C5830371 /* [CP] Check Pods Manifest.lock */ = {
			isa = PBXShellScriptBuildPhase;
			buildActionMask = 2147483647;
			files = (
			);
			inputPaths = (
			);
			name = "[CP] Check Pods Manifest.lock";
			outputPaths = (
			);
			runOnlyForDeploymentPostprocessing = 0;
			shellPath = /bin/sh;
			shellScript = "diff \"${PODS_ROOT}/../Podfile.lock\" \"${PODS_ROOT}/Manifest.lock\" > /dev/null\nif [[ $? != 0 ]] ; then\n    cat << EOM\nerror: The sandbox is not in sync with the Podfile.lock. Run 'pod install' or update your CocoaPods installation.\nEOM\n    exit 1\nfi\n";
			showEnvVarsInLog = 0;
		};
		F73F3B2E4DF5C350BF5AD997 /* [CP] Copy Pods Resources */ = {
			isa = PBXShellScriptBuildPhase;
			buildActionMask = 2147483647;
			files = (
			);
			inputPaths = (
			);
			name = "[CP] Copy Pods Resources";
			outputPaths = (
			);
			runOnlyForDeploymentPostprocessing = 0;
			shellPath = /bin/sh;
			shellScript = "\"${SRCROOT}/Pods/Target Support Files/Pods-MTLImage_Tests/Pods-MTLImage_Tests-resources.sh\"\n";
			showEnvVarsInLog = 0;
		};
/* End PBXShellScriptBuildPhase section */

/* Begin PBXSourcesBuildPhase section */
		607FACCC1AFB9204008FA782 /* Sources */ = {
			isa = PBXSourcesBuildPhase;
			buildActionMask = 2147483647;
			files = (
				45764E3F1CE3936C00315DA7 /* XYDerivative.metal in Sources */,
				45EB4FC41CADF4C00018936C /* MainViewController.swift in Sources */,
				453FA0011CE0F58B003F9871 /* Blend.metal in Sources */,
				E0A65B941EF2E3F30098D1BF /* RollingAverage.metal in Sources */,
				4556FC861D6F4B95005C1D14 /* TestViewController.swift in Sources */,
				453FA0151CE0F58B003F9871 /* OilPaint.metal in Sources */,
				455AE3611CFBE8D5007702BA /* HighlightShadow.metal in Sources */,
				457A87981CECB6E500188C52 /* Scatter.metal in Sources */,
				453FA01C1CE0F58B003F9871 /* Sketch.metal in Sources */,
				453FA0061CE0F58B003F9871 /* Convolution.metal in Sources */,
				453FA0041CE0F58B003F9871 /* ColorSelection.metal in Sources */,
				453FA0211CE0F58B003F9871 /* Water.metal in Sources */,
				453FA0021CE0F58B003F9871 /* Brightness.metal in Sources */,
				453FA0201CE0F58B003F9871 /* Vignette.metal in Sources */,
				453FA00C1CE0F58B003F9871 /* Haze.metal in Sources */,
				453FA00B1CE0F58B003F9871 /* GaussianBlur.metal in Sources */,
				45EB4FD11CADFAAE0018936C /* SettingsCell.swift in Sources */,
				4546570D1CB9BE98001E421A /* AddFilterViewController.swift in Sources */,
				453A60A31CFB4D6000A48FEE /* HSV.metal in Sources */,
				453FA0031CE0F58B003F9871 /* Camera.metal in Sources */,
				E0A0E3B91EEF2C9E003295AD /* Resize.metal in Sources */,
				453FA0081CE0F58B003F9871 /* DefaultShaders.metal in Sources */,
				457FA3D31D789DCC008C6C35 /* LensFlare.metal in Sources */,
				453FA01B1CE0F58B003F9871 /* Sharpen.metal in Sources */,
				453FA0071CE0F58B003F9871 /* CrossHatch.metal in Sources */,
				45F34AED1D16CDF800BE7D0C /* UnsharpMask.metal in Sources */,
				453FA0101CE0F58B003F9871 /* Levels.metal in Sources */,
				453FA01E1CE0F58B003F9871 /* SobelEdgeDetectionThreshold.metal in Sources */,
				453FA00F1CE0F58B003F9871 /* Kuwahara.metal in Sources */,
				454CEDC41CB1496500D67A9E /* MetadataFormatter.swift in Sources */,
				453FA00E1CE0F58B003F9871 /* Invert.metal in Sources */,
				607FACD61AFB9204008FA782 /* AppDelegate.swift in Sources */,
				453FA0191CE0F58B003F9871 /* Saturation.metal in Sources */,
				453D51B71CEBCAB4001A0C9A /* Transform.metal in Sources */,
				451282521CE765FB00FF7E9C /* Crop.metal in Sources */,
				453FA0261CE36F2D003F9871 /* NonMaximumSuppression.metal in Sources */,
				453FA0171CE0F58B003F9871 /* Pixellate.metal in Sources */,
				453FA0231CE0F58B003F9871 /* WhiteBalance.metal in Sources */,
				453FA0141CE0F58B003F9871 /* Mosaic.metal in Sources */,
				45EB4FCF1CADF8CD0018936C /* SettingsViewController.swift in Sources */,
				453FA01D1CE0F58B003F9871 /* SobelEdgeDetection.metal in Sources */,
				453FA01A1CE0F58B003F9871 /* SelectiveHSL.metal in Sources */,
				453FA02C1CE37683003F9871 /* HarrisCornerDetection.metal in Sources */,
				453FA0121CE0F58B003F9871 /* LuminanceThreshold.metal in Sources */,
				E0B130811EE9AAEA009C6CAD /* DepthRenderer.metal in Sources */,
				455AE1F01CFB643A007702BA /* Hue.metal in Sources */,
				454CEDC21CB1470600D67A9E /* InfoViewController.swift in Sources */,
				453FA00A1CE0F58B003F9871 /* Exposure.metal in Sources */,
				454CEDB11CB09FB800D67A9E /* FiltersViewController.swift in Sources */,
				453FA0051CE0F58B003F9871 /* Contrast.metal in Sources */,
				453FA01F1CE0F58B003F9871 /* Toon.metal in Sources */,
				453FA00D1CE0F58B003F9871 /* Histogram.metal in Sources */,
				45764E3B1CE3906100315DA7 /* WeakPixelInclusion.metal in Sources */,
				453FA0161CE0F58B003F9871 /* PerlinNoise.metal in Sources */,
				45CDCB321EEB30CD00E8A590 /* DepthBlend.metal in Sources */,
				453FA0091CE0F58B003F9871 /* Distortion.metal in Sources */,
				4544EEBB1D83360D0028EE53 /* Voronoi.metal in Sources */,
				453FA0181CE0F58B003F9871 /* PolkaDot.metal in Sources */,
				453FA0131CE0F58B003F9871 /* Mask.metal in Sources */,
				453A609C1CF7974900A48FEE /* Smudge.metal in Sources */,
				458EDE051CFDC71F009BA88E /* ToneCurve.metal in Sources */,
				456DB2021D79B976002DF330 /* ToggleCell.swift in Sources */,
				4546570B1CB9BB98001E421A /* FilterGroupViewController.swift in Sources */,
				45A616811CBFD9BA00C000C7 /* PickerCell.swift in Sources */,
				453A60A11CFB4D1500A48FEE /* Template.metal in Sources */,
				4501E13C1EE7523F005CBD1C /* DepthMask.metal in Sources */,
				453FA0111CE0F58B003F9871 /* LineDetection.metal in Sources */,
			);
			runOnlyForDeploymentPostprocessing = 0;
		};
		607FACE11AFB9204008FA782 /* Sources */ = {
			isa = PBXSourcesBuildPhase;
			buildActionMask = 2147483647;
			files = (
				607FACEC1AFB9204008FA782 /* Tests.swift in Sources */,
			);
			runOnlyForDeploymentPostprocessing = 0;
		};
/* End PBXSourcesBuildPhase section */

/* Begin PBXTargetDependency section */
		607FACE71AFB9204008FA782 /* PBXTargetDependency */ = {
			isa = PBXTargetDependency;
			target = 607FACCF1AFB9204008FA782 /* MTLImage_Example */;
			targetProxy = 607FACE61AFB9204008FA782 /* PBXContainerItemProxy */;
		};
/* End PBXTargetDependency section */

/* Begin PBXVariantGroup section */
		607FACD91AFB9204008FA782 /* Main.storyboard */ = {
			isa = PBXVariantGroup;
			children = (
				607FACDA1AFB9204008FA782 /* Base */,
			);
			name = Main.storyboard;
			sourceTree = "<group>";
		};
		607FACDE1AFB9204008FA782 /* LaunchScreen.xib */ = {
			isa = PBXVariantGroup;
			children = (
				607FACDF1AFB9204008FA782 /* Base */,
			);
			name = LaunchScreen.xib;
			sourceTree = "<group>";
		};
/* End PBXVariantGroup section */

/* Begin XCBuildConfiguration section */
		607FACED1AFB9204008FA782 /* Debug */ = {
			isa = XCBuildConfiguration;
			buildSettings = {
				ALWAYS_SEARCH_USER_PATHS = NO;
				CLANG_CXX_LANGUAGE_STANDARD = "gnu++0x";
				CLANG_CXX_LIBRARY = "libc++";
				CLANG_ENABLE_MODULES = YES;
				CLANG_ENABLE_OBJC_ARC = YES;
				CLANG_WARN_BLOCK_CAPTURE_AUTORELEASING = YES;
				CLANG_WARN_BOOL_CONVERSION = YES;
				CLANG_WARN_COMMA = YES;
				CLANG_WARN_CONSTANT_CONVERSION = YES;
				CLANG_WARN_DIRECT_OBJC_ISA_USAGE = YES_ERROR;
				CLANG_WARN_EMPTY_BODY = YES;
				CLANG_WARN_ENUM_CONVERSION = YES;
				CLANG_WARN_INFINITE_RECURSION = YES;
				CLANG_WARN_INT_CONVERSION = YES;
				CLANG_WARN_NON_LITERAL_NULL_CONVERSION = YES;
				CLANG_WARN_OBJC_LITERAL_CONVERSION = YES;
				CLANG_WARN_OBJC_ROOT_CLASS = YES_ERROR;
				CLANG_WARN_RANGE_LOOP_ANALYSIS = YES;
				CLANG_WARN_STRICT_PROTOTYPES = YES;
				CLANG_WARN_SUSPICIOUS_MOVE = YES;
				CLANG_WARN_UNREACHABLE_CODE = YES;
				CLANG_WARN__DUPLICATE_METHOD_MATCH = YES;
				"CODE_SIGN_IDENTITY[sdk=iphoneos*]" = "iPhone Developer";
				COPY_PHASE_STRIP = NO;
				DEBUG_INFORMATION_FORMAT = "dwarf-with-dsym";
				ENABLE_STRICT_OBJC_MSGSEND = YES;
				ENABLE_TESTABILITY = YES;
				GCC_C_LANGUAGE_STANDARD = gnu99;
				GCC_DYNAMIC_NO_PIC = NO;
				GCC_NO_COMMON_BLOCKS = YES;
				GCC_OPTIMIZATION_LEVEL = 0;
				GCC_PREPROCESSOR_DEFINITIONS = (
					"DEBUG=1",
					"$(inherited)",
				);
				GCC_SYMBOLS_PRIVATE_EXTERN = NO;
				GCC_WARN_64_TO_32_BIT_CONVERSION = YES;
				GCC_WARN_ABOUT_RETURN_TYPE = YES_ERROR;
				GCC_WARN_UNDECLARED_SELECTOR = YES;
				GCC_WARN_UNINITIALIZED_AUTOS = YES_AGGRESSIVE;
				GCC_WARN_UNUSED_FUNCTION = YES;
				GCC_WARN_UNUSED_VARIABLE = YES;
				IPHONEOS_DEPLOYMENT_TARGET = 10.0;
				MTL_ENABLE_DEBUG_INFO = YES;
				ONLY_ACTIVE_ARCH = YES;
				SDKROOT = iphoneos;
				SWIFT_OPTIMIZATION_LEVEL = "-Onone";
			};
			name = Debug;
		};
		607FACEE1AFB9204008FA782 /* Release */ = {
			isa = XCBuildConfiguration;
			buildSettings = {
				ALWAYS_SEARCH_USER_PATHS = NO;
				CLANG_CXX_LANGUAGE_STANDARD = "gnu++0x";
				CLANG_CXX_LIBRARY = "libc++";
				CLANG_ENABLE_MODULES = YES;
				CLANG_ENABLE_OBJC_ARC = YES;
				CLANG_WARN_BLOCK_CAPTURE_AUTORELEASING = YES;
				CLANG_WARN_BOOL_CONVERSION = YES;
				CLANG_WARN_COMMA = YES;
				CLANG_WARN_CONSTANT_CONVERSION = YES;
				CLANG_WARN_DIRECT_OBJC_ISA_USAGE = YES_ERROR;
				CLANG_WARN_EMPTY_BODY = YES;
				CLANG_WARN_ENUM_CONVERSION = YES;
				CLANG_WARN_INFINITE_RECURSION = YES;
				CLANG_WARN_INT_CONVERSION = YES;
				CLANG_WARN_NON_LITERAL_NULL_CONVERSION = YES;
				CLANG_WARN_OBJC_LITERAL_CONVERSION = YES;
				CLANG_WARN_OBJC_ROOT_CLASS = YES_ERROR;
				CLANG_WARN_RANGE_LOOP_ANALYSIS = YES;
				CLANG_WARN_STRICT_PROTOTYPES = YES;
				CLANG_WARN_SUSPICIOUS_MOVE = YES;
				CLANG_WARN_UNREACHABLE_CODE = YES;
				CLANG_WARN__DUPLICATE_METHOD_MATCH = YES;
				"CODE_SIGN_IDENTITY[sdk=iphoneos*]" = "iPhone Developer";
				COPY_PHASE_STRIP = NO;
				DEBUG_INFORMATION_FORMAT = "dwarf-with-dsym";
				ENABLE_NS_ASSERTIONS = NO;
				ENABLE_STRICT_OBJC_MSGSEND = YES;
				GCC_C_LANGUAGE_STANDARD = gnu99;
				GCC_NO_COMMON_BLOCKS = YES;
				GCC_WARN_64_TO_32_BIT_CONVERSION = YES;
				GCC_WARN_ABOUT_RETURN_TYPE = YES_ERROR;
				GCC_WARN_UNDECLARED_SELECTOR = YES;
				GCC_WARN_UNINITIALIZED_AUTOS = YES_AGGRESSIVE;
				GCC_WARN_UNUSED_FUNCTION = YES;
				GCC_WARN_UNUSED_VARIABLE = YES;
				IPHONEOS_DEPLOYMENT_TARGET = 10.0;
				MTL_ENABLE_DEBUG_INFO = NO;
				SDKROOT = iphoneos;
				VALIDATE_PRODUCT = YES;
			};
			name = Release;
		};
		607FACF01AFB9204008FA782 /* Debug */ = {
			isa = XCBuildConfiguration;
			baseConfigurationReference = 9FC6A14C55CD9B7346CBFD32 /* Pods-MTLImage_Example.debug.xcconfig */;
			buildSettings = {
				ALWAYS_EMBED_SWIFT_STANDARD_LIBRARIES = YES;
				ASSETCATALOG_COMPILER_APPICON_NAME = AppIcon;
				CODE_SIGN_ENTITLEMENTS = MTLImage_Example.entitlements;
				CODE_SIGN_IDENTITY = "iPhone Developer";
				"CODE_SIGN_IDENTITY[sdk=iphoneos*]" = "iPhone Developer";
				INFOPLIST_FILE = MTLImage/Info.plist;
				IPHONEOS_DEPLOYMENT_TARGET = 9.0;
				LD_RUNPATH_SEARCH_PATHS = "$(inherited) @executable_path/Frameworks";
				MODULE_NAME = ExampleApp;
				PRODUCT_BUNDLE_IDENTIFIER = "org.cocoapods.demo.$(PRODUCT_NAME:rfc1034identifier)";
				PRODUCT_NAME = "$(TARGET_NAME)";
				PROVISIONING_PROFILE = "";
				SWIFT_SWIFT3_OBJC_INFERENCE = On;
				SWIFT_VERSION = 4.0;
			};
			name = Debug;
		};
		607FACF11AFB9204008FA782 /* Release */ = {
			isa = XCBuildConfiguration;
			baseConfigurationReference = 3755A6861EED5B185B6B0D08 /* Pods-MTLImage_Example.release.xcconfig */;
			buildSettings = {
				ALWAYS_EMBED_SWIFT_STANDARD_LIBRARIES = YES;
				ASSETCATALOG_COMPILER_APPICON_NAME = AppIcon;
				CODE_SIGN_ENTITLEMENTS = MTLImage_Example.entitlements;
				CODE_SIGN_IDENTITY = "iPhone Developer";
				"CODE_SIGN_IDENTITY[sdk=iphoneos*]" = "iPhone Developer";
				INFOPLIST_FILE = MTLImage/Info.plist;
				IPHONEOS_DEPLOYMENT_TARGET = 9.0;
				LD_RUNPATH_SEARCH_PATHS = "$(inherited) @executable_path/Frameworks";
				MODULE_NAME = ExampleApp;
				PRODUCT_BUNDLE_IDENTIFIER = "org.cocoapods.demo.$(PRODUCT_NAME:rfc1034identifier)";
				PRODUCT_NAME = "$(TARGET_NAME)";
				PROVISIONING_PROFILE = "";
				SWIFT_OPTIMIZATION_LEVEL = "-Owholemodule";
				SWIFT_SWIFT3_OBJC_INFERENCE = On;
				SWIFT_VERSION = 4.0;
			};
			name = Release;
		};
		607FACF31AFB9204008FA782 /* Debug */ = {
			isa = XCBuildConfiguration;
			baseConfigurationReference = D061FABF10827868504273F6 /* Pods-MTLImage_Tests.debug.xcconfig */;
			buildSettings = {
				ALWAYS_EMBED_SWIFT_STANDARD_LIBRARIES = YES;
				BUNDLE_LOADER = "$(TEST_HOST)";
				FRAMEWORK_SEARCH_PATHS = "$(inherited)";
				GCC_PREPROCESSOR_DEFINITIONS = (
					"DEBUG=1",
					"$(inherited)",
				);
				INFOPLIST_FILE = Tests/Info.plist;
				LD_RUNPATH_SEARCH_PATHS = "$(inherited) @executable_path/Frameworks @loader_path/Frameworks";
				PRODUCT_BUNDLE_IDENTIFIER = "org.cocoapods.$(PRODUCT_NAME:rfc1034identifier)";
				PRODUCT_NAME = "$(TARGET_NAME)";
				SWIFT_SWIFT3_OBJC_INFERENCE = On;
				SWIFT_VERSION = 4.0;
				TEST_HOST = "$(BUILT_PRODUCTS_DIR)/MTLImage_Example.app/MTLImage_Example";
			};
			name = Debug;
		};
		607FACF41AFB9204008FA782 /* Release */ = {
			isa = XCBuildConfiguration;
			baseConfigurationReference = 886D1B853FEDF1C2983F63AC /* Pods-MTLImage_Tests.release.xcconfig */;
			buildSettings = {
				ALWAYS_EMBED_SWIFT_STANDARD_LIBRARIES = YES;
				BUNDLE_LOADER = "$(TEST_HOST)";
				FRAMEWORK_SEARCH_PATHS = "$(inherited)";
				INFOPLIST_FILE = Tests/Info.plist;
				LD_RUNPATH_SEARCH_PATHS = "$(inherited) @executable_path/Frameworks @loader_path/Frameworks";
				PRODUCT_BUNDLE_IDENTIFIER = "org.cocoapods.$(PRODUCT_NAME:rfc1034identifier)";
				PRODUCT_NAME = "$(TARGET_NAME)";
				SWIFT_OPTIMIZATION_LEVEL = "-Owholemodule";
				SWIFT_SWIFT3_OBJC_INFERENCE = On;
				SWIFT_VERSION = 4.0;
				TEST_HOST = "$(BUILT_PRODUCTS_DIR)/MTLImage_Example.app/MTLImage_Example";
			};
			name = Release;
		};
/* End XCBuildConfiguration section */

/* Begin XCConfigurationList section */
		607FACCB1AFB9204008FA782 /* Build configuration list for PBXProject "MTLImage" */ = {
			isa = XCConfigurationList;
			buildConfigurations = (
				607FACED1AFB9204008FA782 /* Debug */,
				607FACEE1AFB9204008FA782 /* Release */,
			);
			defaultConfigurationIsVisible = 0;
			defaultConfigurationName = Release;
		};
		607FACEF1AFB9204008FA782 /* Build configuration list for PBXNativeTarget "MTLImage_Example" */ = {
			isa = XCConfigurationList;
			buildConfigurations = (
				607FACF01AFB9204008FA782 /* Debug */,
				607FACF11AFB9204008FA782 /* Release */,
			);
			defaultConfigurationIsVisible = 0;
			defaultConfigurationName = Release;
		};
		607FACF21AFB9204008FA782 /* Build configuration list for PBXNativeTarget "MTLImage_Tests" */ = {
			isa = XCConfigurationList;
			buildConfigurations = (
				607FACF31AFB9204008FA782 /* Debug */,
				607FACF41AFB9204008FA782 /* Release */,
			);
			defaultConfigurationIsVisible = 0;
			defaultConfigurationName = Release;
		};
/* End XCConfigurationList section */
	};
	rootObject = 607FACC81AFB9204008FA782 /* Project object */;
}
